
Microsoft Visual Studio Solution File, Format Version 12.00
# Visual Studio Version 16
VisualStudioVersion = 16.0.29911.84
MinimumVisualStudioVersion = 10.0.40219.1
Project("{FAE04EC0-301F-11D3-BF4B-00C04F79EFBC}") = "Redis", "Redis\Redis.csproj", "{310722CA-3CA9-4484-848C-A07415A3C866}"
EndProject
Global
	GlobalSection(SolutionConfigurationPlatforms) = preSolution
		Debug|Any CPU = Debug|Any CPU
		Release|Any CPU = Release|Any CPU
	EndGlobalSection
	GlobalSection(ProjectConfigurationPlatforms) = postSolution
		{310722CA-3CA9-4484-848C-A07415A3C866}.Debug|Any CPU.ActiveCfg = Debug|Any CPU
		{310722CA-3CA9-4484-848C-A07415A3C866}.Debug|Any CPU.Build.0 = Debug|Any CPU
		{310722CA-3CA9-4484-848C-A07415A3C866}.Release|Any CPU.ActiveCfg = Release|Any CPU
		{310722CA-3CA9-4484-848C-A07415A3C866}.Release|Any CPU.Build.0 = Release|Any CPU
	EndGlobalSection
	GlobalSection(SolutionProperties) = preSolution
		HideSolutionNode = FALSE
	EndGlobalSection
	GlobalSection(ExtensibilityGlobals) = postSolution
		SolutionGuid = {277BBE2D-08D1-4BF9-84DE-D70E67F68EFA}
	EndGlobalSection
EndGlobal
